
Microsoft Visual Studio Solution File, Format Version 12.00
# Visual Studio Version 17
VisualStudioVersion = 17.9.34616.47
MinimumVisualStudioVersion = 10.0.40219.1
Project("{FAE04EC0-301F-11D3-BF4B-00C04F79EFBC}") = "webDemo2703", "webDemo2703.csproj", "{2ACB19A8-C69A-4E5E-BAB5-802F34FFA637}"
EndProject
Global
	GlobalSection(SolutionConfigurationPlatforms) = preSolution
		Debug|Any CPU = Debug|Any CPU
		Release|Any CPU = Release|Any CPU
	EndGlobalSection
	GlobalSection(ProjectConfigurationPlatforms) = postSolution
		{2ACB19A8-C69A-4E5E-BAB5-802F34FFA637}.Debug|Any CPU.ActiveCfg = Debug|Any CPU
		{2ACB19A8-C69A-4E5E-BAB5-802F34FFA637}.Debug|Any CPU.Build.0 = Debug|Any CPU
		{2ACB19A8-C69A-4E5E-BAB5-802F34FFA637}.Release|Any CPU.ActiveCfg = Release|Any CPU
		{2ACB19A8-C69A-4E5E-BAB5-802F34FFA637}.Release|Any CPU.Build.0 = Release|Any CPU
	EndGlobalSection
	GlobalSection(SolutionProperties) = preSolution
		HideSolutionNode = FALSE
	EndGlobalSection
	GlobalSection(ExtensibilityGlobals) = postSolution
		SolutionGuid = {B1714D15-7082-454D-8147-792BDCF41C05}
	EndGlobalSection
EndGlobal
